
Microsoft Visual Studio Solution File, Format Version 12.00
# Visual Studio Version 17
VisualStudioVersion = 17.4.33213.308
MinimumVisualStudioVersion = 10.0.40219.1
Project("{FAE04EC0-301F-11D3-BF4B-00C04F79EFBC}") = "HelloWorld", "HelloWorld.csproj", "{D15692BE-5CB1-4462-A3A9-6EC451C2BB4B}"
EndProject
Project("{FAE04EC0-301F-11D3-BF4B-00C04F79EFBC}") = "HelloWorldTest", "..\HelloWorldTest\HelloWorldTest.csproj", "{19F4D39F-1962-42B1-A8F0-A064DFA27ACD}"
EndProject
Project("{FAE04EC0-301F-11D3-BF4B-00C04F79EFBC}") = "HelloWorldTest2", "..\HelloWorldTest2\HelloWorldTest2.csproj", "{353F7804-3E0D-4EAE-B2FF-7C5F91B842E4}"
EndProject
Global
	GlobalSection(SolutionConfigurationPlatforms) = preSolution
		Debug|Any CPU = Debug|Any CPU
		Release|Any CPU = Release|Any CPU
	EndGlobalSection
	GlobalSection(ProjectConfigurationPlatforms) = postSolution
		{D15692BE-5CB1-4462-A3A9-6EC451C2BB4B}.Debug|Any CPU.ActiveCfg = Debug|Any CPU
		{D15692BE-5CB1-4462-A3A9-6EC451C2BB4B}.Debug|Any CPU.Build.0 = Debug|Any CPU
		{D15692BE-5CB1-4462-A3A9-6EC451C2BB4B}.Release|Any CPU.ActiveCfg = Release|Any CPU
		{D15692BE-5CB1-4462-A3A9-6EC451C2BB4B}.Release|Any CPU.Build.0 = Release|Any CPU
		{19F4D39F-1962-42B1-A8F0-A064DFA27ACD}.Debug|Any CPU.ActiveCfg = Debug|Any CPU
		{19F4D39F-1962-42B1-A8F0-A064DFA27ACD}.Debug|Any CPU.Build.0 = Debug|Any CPU
		{19F4D39F-1962-42B1-A8F0-A064DFA27ACD}.Release|Any CPU.ActiveCfg = Release|Any CPU
		{19F4D39F-1962-42B1-A8F0-A064DFA27ACD}.Release|Any CPU.Build.0 = Release|Any CPU
		{353F7804-3E0D-4EAE-B2FF-7C5F91B842E4}.Debug|Any CPU.ActiveCfg = Debug|Any CPU
		{353F7804-3E0D-4EAE-B2FF-7C5F91B842E4}.Debug|Any CPU.Build.0 = Debug|Any CPU
		{353F7804-3E0D-4EAE-B2FF-7C5F91B842E4}.Release|Any CPU.ActiveCfg = Release|Any CPU
		{353F7804-3E0D-4EAE-B2FF-7C5F91B842E4}.Release|Any CPU.Build.0 = Release|Any CPU
	EndGlobalSection
	GlobalSection(SolutionProperties) = preSolution
		HideSolutionNode = FALSE
	EndGlobalSection
	GlobalSection(ExtensibilityGlobals) = postSolution
		SolutionGuid = {5D9CB768-97AA-426A-AF25-52ABC7647BC0}
	EndGlobalSection
EndGlobal
