
Microsoft Visual Studio Solution File, Format Version 12.00
# Visual Studio Version 17
VisualStudioVersion = 17.4.33213.308
MinimumVisualStudioVersion = 10.0.40219.1
Project("{FAE04EC0-301F-11D3-BF4B-00C04F79EFBC}") = "MatchingGame", "MatchingGame.csproj", "{46DDBBFF-9EBA-431D-9F05-A173F96913CB}"
EndProject
Global
	GlobalSection(SolutionConfigurationPlatforms) = preSolution
		Debug|Any CPU = Debug|Any CPU
		Release|Any CPU = Release|Any CPU
	EndGlobalSection
	GlobalSection(ProjectConfigurationPlatforms) = postSolution
		{46DDBBFF-9EBA-431D-9F05-A173F96913CB}.Debug|Any CPU.ActiveCfg = Debug|Any CPU
		{46DDBBFF-9EBA-431D-9F05-A173F96913CB}.Debug|Any CPU.Build.0 = Debug|Any CPU
		{46DDBBFF-9EBA-431D-9F05-A173F96913CB}.Release|Any CPU.ActiveCfg = Release|Any CPU
		{46DDBBFF-9EBA-431D-9F05-A173F96913CB}.Release|Any CPU.Build.0 = Release|Any CPU
	EndGlobalSection
	GlobalSection(SolutionProperties) = preSolution
		HideSolutionNode = FALSE
	EndGlobalSection
	GlobalSection(ExtensibilityGlobals) = postSolution
		SolutionGuid = {8F557DE9-A821-40B1-8DA3-F6531DE13A79}
	EndGlobalSection
EndGlobal
