
Microsoft Visual Studio Solution File, Format Version 12.00
# Visual Studio Version 17
VisualStudioVersion = 17.3.32825.248
MinimumVisualStudioVersion = 10.0.40219.1
Project("{FAE04EC0-301F-11D3-BF4B-00C04F79EFBC}") = "MathQuiz", "MathQuiz.csproj", "{90D97635-5CB9-412C-A0CA-31109E4E0DCD}"
EndProject
Global
	GlobalSection(SolutionConfigurationPlatforms) = preSolution
		Debug|Any CPU = Debug|Any CPU
		Release|Any CPU = Release|Any CPU
	EndGlobalSection
	GlobalSection(ProjectConfigurationPlatforms) = postSolution
		{90D97635-5CB9-412C-A0CA-31109E4E0DCD}.Debug|Any CPU.ActiveCfg = Debug|Any CPU
		{90D97635-5CB9-412C-A0CA-31109E4E0DCD}.Debug|Any CPU.Build.0 = Debug|Any CPU
		{90D97635-5CB9-412C-A0CA-31109E4E0DCD}.Release|Any CPU.ActiveCfg = Release|Any CPU
		{90D97635-5CB9-412C-A0CA-31109E4E0DCD}.Release|Any CPU.Build.0 = Release|Any CPU
	EndGlobalSection
	GlobalSection(SolutionProperties) = preSolution
		HideSolutionNode = FALSE
	EndGlobalSection
	GlobalSection(ExtensibilityGlobals) = postSolution
		SolutionGuid = {8B210454-202A-4F03-8901-DF19636A65DF}
	EndGlobalSection
EndGlobal
